<?xml version="1.0" encoding="utf-8"?>
<Project ToolsVersion="4.0" xmlns="http://schemas.microsoft.com/developer/msbuild/2003">
  <ItemGroup>
    <Filter Include="源文件">
      <UniqueIdentifier>{4FC737F1-C7A5-4376-A066-2A32D752A2FF}</UniqueIdentifier>
      <Extensions>cpp;c;cc;cxx;def;odl;idl;hpj;bat;asm;asmx</Extensions>
    </Filter>
    <Filter Include="头文件">
      <UniqueIdentifier>{93995380-89BD-4b04-88EB-625FBE52EBFB}</UniqueIdentifier>
      <Extensions>h;hh;hpp;hxx;hm;inl;inc;xsd</Extensions>
    </Filter>
    <Filter Include="资源文件">
      <UniqueIdentifier>{67DA6AB6-F800-4c08-8B7A-83BB121AAD01}</UniqueIdentifier>
      <Extensions>rc;ico;cur;bmp;dlg;rc2;rct;bin;rgs;gif;jpg;jpeg;jpe;resx;tiff;tif;png;wav;mfcribbon-ms</Extensions>
    </Filter>
    <Filter Include="shader">
      <UniqueIdentifier>{bade905c-e0b4-463f-bd3e-8401a6ef9033}</UniqueIdentifier>
    </Filter>
    <Filter Include="Utils">
      <UniqueIdentifier>{915898eb-1800-4bf5-b3eb-dde6ba1cc385}</UniqueIdentifier>
    </Filter>
    <Filter Include="Class">
      <UniqueIdentifier>{70bd985d-47f6-41b0-b1d9-f0e7d90178bc}</UniqueIdentifier>
    </Filter>
    <Filter Include="practice">
      <UniqueIdentifier>{dfcf37b9-5c96-4e89-9db4-cb9db90b2926}</UniqueIdentifier>
    </Filter>
  </ItemGroup>
  <ItemGroup>
    <ClCompile Include="..\..\..\src\glad\glad.c">
      <Filter>源文件</Filter>
    </ClCompile>
    <ClCompile Include="practice\practice_2_1.cpp">
      <Filter>practice</Filter>
    </ClCompile>
    <ClCompile Include="practice\practice_2_2.cpp">
      <Filter>practice</Filter>
    </ClCompile>
    <ClCompile Include="practice\practice_2_3.cpp">
      <Filter>practice</Filter>
    </ClCompile>
    <ClCompile Include="Utils\MathUtils.cpp">
      <Filter>Utils</Filter>
    </ClCompile>
    <ClCompile Include="main.cpp">
      <Filter>源文件</Filter>
    </ClCompile>
    <ClCompile Include="Class\Mesh.cpp">
      <Filter>Class</Filter>
    </ClCompile>
    <ClCompile Include="Class\Model.cpp">
      <Filter>Class</Filter>
    </ClCompile>
    <ClCompile Include="Class\OpenglCamera.cpp">
      <Filter>Class</Filter>
    </ClCompile>
    <ClCompile Include="Class\OpenglState.cpp">
      <Filter>Class</Filter>
    </ClCompile>
    <ClCompile Include="Class\OpenglStateCubeMap.cpp">
      <Filter>Class</Filter>
    </ClCompile>
    <ClCompile Include="Class\OpenglStateInStance.cpp">
      <Filter>Class</Filter>
    </ClCompile>
    <ClCompile Include="Class\OpenglStateInstance2.cpp">
      <Filter>Class</Filter>
    </ClCompile>
    <ClCompile Include="Class\OpenglStateModel3D.cpp">
      <Filter>Class</Filter>
    </ClCompile>
    <ClCompile Include="Class\OpenglStateModel3DPlanet.cpp">
      <Filter>Class</Filter>
    </ClCompile>
    <ClCompile Include="Class\OpenglStateModel3DRock.cpp">
      <Filter>Class</Filter>
    </ClCompile>
    <ClCompile Include="Class\OpenglStateMultAttr.cpp">
      <Filter>Class</Filter>
    </ClCompile>
    <ClCompile Include="Class\OpenglStateMultTexture.cpp">
      <Filter>Class</Filter>
    </ClCompile>
    <ClCompile Include="Class\OpenglStateMultTexture3D.cpp">
      <Filter>Class</Filter>
    </ClCompile>
    <ClCompile Include="Class\OpenglStateMultTextureBlend.cpp">
      <Filter>Class</Filter>
    </ClCompile>
    <ClCompile Include="Class\OpenglStateMultTextureCamera.cpp">
      <Filter>Class</Filter>
    </ClCompile>
    <ClCompile Include="Class\OpenglStateMultTextureCameraManuel.cpp">
      <Filter>Class</Filter>
    </ClCompile>
    <ClCompile Include="Class\OpenglStateMultTextureCube.cpp">
      <Filter>Class</Filter>
    </ClCompile>
    <ClCompile Include="Class\OpenglStateMultTextureDepthCube.cpp">
      <Filter>Class</Filter>
    </ClCompile>
    <ClCompile Include="Class\OpenglStateMultTextureFrameBuffer.cpp">
      <Filter>Class</Filter>
    </ClCompile>
    <ClCompile Include="Class\OpenglStateMultTextureLight.cpp">
      <Filter>Class</Filter>
    </ClCompile>
    <ClCompile Include="Class\OpenglStateMultTextureMat4.cpp">
      <Filter>Class</Filter>
    </ClCompile>
    <ClCompile Include="Class\OpenglStateMultTextureMaterial.cpp">
      <Filter>Class</Filter>
    </ClCompile>
    <ClCompile Include="Class\OpenglStateMultTextureMaterialMap.cpp">
      <Filter>Class</Filter>
    </ClCompile>
    <ClCompile Include="Class\OpenglStateMultTextureMaterialMapDirLight.cpp">
      <Filter>Class</Filter>
    </ClCompile>
    <ClCompile Include="Class\OpenglStateMultTextureMaterialMapMultLights.cpp">
      <Filter>Class</Filter>
    </ClCompile>
    <ClCompile Include="Class\OpenglStateMultTextureMaterialMapPointLight.cpp">
      <Filter>Class</Filter>
    </ClCompile>
    <ClCompile Include="Class\OpenglStateMultTextureMaterialMapSpotLight.cpp">
      <Filter>Class</Filter>
    </ClCompile>
    <ClCompile Include="Class\OpenglStateMultTextureMultSample.cpp">
      <Filter>Class</Filter>
    </ClCompile>
    <ClCompile Include="Class\OpenglStateMultTextureTransparent.cpp">
      <Filter>Class</Filter>
    </ClCompile>
    <ClCompile Include="Class\OpenglStatePlane.cpp">
      <Filter>Class</Filter>
    </ClCompile>
    <ClCompile Include="Class\OpenglStateRect.cpp">
      <Filter>Class</Filter>
    </ClCompile>
    <ClCompile Include="Class\OpenglStateReflect.cpp">
      <Filter>Class</Filter>
    </ClCompile>
    <ClCompile Include="Class\OpenglStateTexture.cpp">
      <Filter>Class</Filter>
    </ClCompile>
    <ClCompile Include="Class\OpenglStateTriangle.cpp">
      <Filter>Class</Filter>
    </ClCompile>
    <ClCompile Include="Class\OpenglStateTriangleMove.cpp">
      <Filter>Class</Filter>
    </ClCompile>
    <ClCompile Include="Class\OpenglWorld.cpp">
      <Filter>Class</Filter>
    </ClCompile>
    <ClCompile Include="Class\stb_image.cpp">
      <Filter>Class</Filter>
    </ClCompile>
    <ClCompile Include="Class\OpenglStateMultTextureMaterialMapMultLightsAdvance.cpp">
      <Filter>Class</Filter>
    </ClCompile>
    <ClCompile Include="Class\OpenglStateMultTextureMaterialMapPointLightAdvance.cpp">
      <Filter>Class</Filter>
    </ClCompile>
    <ClCompile Include="Class\OpenglStateModel3DNormalMap.cpp">
      <Filter>Class</Filter>
    </ClCompile>
    <ClCompile Include="Class\OpenglStateNormalMap.cpp">
      <Filter>Class</Filter>
    </ClCompile>
    <ClCompile Include="Class\OpenglStateNormalMap1.cpp">
      <Filter>Class</Filter>
    </ClCompile>
    <ClCompile Include="Class\OpenglStateHDR.cpp">
      <Filter>Class</Filter>
    </ClCompile>
    <ClCompile Include="Class\OpenglStateHDRBloom.cpp">
      <Filter>Class</Filter>
    </ClCompile>
    <ClCompile Include="Class\OpenglStateDelayRenderLights.cpp">
      <Filter>Class</Filter>
    </ClCompile>
    <ClCompile Include="Class\OpenglStateDelayRenderLightsFrameBuffer.cpp">
      <Filter>Class</Filter>
    </ClCompile>
    <ClCompile Include="Class\OpenglStateLabel.cpp">
      <Filter>Class</Filter>
    </ClCompile>
    <ClCompile Include="Utils\OpenglUtils.cpp">
      <Filter>Utils</Filter>
    </ClCompile>
    <ClCompile Include="Class\OpenglStateMultTextureWave.cpp">
      <Filter>Class</Filter>
    </ClCompile>
    <ClCompile Include="Class\OpenglStateShadowDirLight.cpp">
      <Filter>Class</Filter>
    </ClCompile>
    <ClCompile Include="Class\OpenglStateShadowPointLight.cpp">
      <Filter>Class</Filter>
    </ClCompile>
    <ClCompile Include="Class\OpenglStateSSAO.cpp">
      <Filter>Class</Filter>
    </ClCompile>
    <ClCompile Include="Class\OpenglStatePBRSimple.cpp">
      <Filter>Class</Filter>
    </ClCompile>
  </ItemGroup>
  <ItemGroup>
    <ClInclude Include="main.h">
      <Filter>头文件</Filter>
    </ClInclude>
    <ClInclude Include="practice\practice_2_1.h">
      <Filter>practice</Filter>
    </ClInclude>
    <ClInclude Include="practice\practice_2_2.h">
      <Filter>practice</Filter>
    </ClInclude>
    <ClInclude Include="practice\practice_2_3.h">
      <Filter>practice</Filter>
    </ClInclude>
    <ClInclude Include="Utils\MathUtils.h">
      <Filter>Utils</Filter>
    </ClInclude>
    <ClInclude Include="Class\Mesh.h">
      <Filter>Class</Filter>
    </ClInclude>
    <ClInclude Include="Class\Model.h">
      <Filter>Class</Filter>
    </ClInclude>
    <ClInclude Include="Class\OpenglCamera.h">
      <Filter>Class</Filter>
    </ClInclude>
    <ClInclude Include="Class\OpenglState.h">
      <Filter>Class</Filter>
    </ClInclude>
    <ClInclude Include="Class\OpenglStateCubeMap.h">
      <Filter>Class</Filter>
    </ClInclude>
    <ClInclude Include="Class\OpenglStateInStance.h">
      <Filter>Class</Filter>
    </ClInclude>
    <ClInclude Include="Class\OpenglStateInstance2.h">
      <Filter>Class</Filter>
    </ClInclude>
    <ClInclude Include="Class\OpenglStateModel3D.h">
      <Filter>Class</Filter>
    </ClInclude>
    <ClInclude Include="Class\OpenglStateModel3DPlanet.h">
      <Filter>Class</Filter>
    </ClInclude>
    <ClInclude Include="Class\OpenglStateModel3DRock.h">
      <Filter>Class</Filter>
    </ClInclude>
    <ClInclude Include="Class\OpenglStateMultAttr.h">
      <Filter>Class</Filter>
    </ClInclude>
    <ClInclude Include="Class\OpenglStateMultTexture.h">
      <Filter>Class</Filter>
    </ClInclude>
    <ClInclude Include="Class\OpenglStateMultTexture3D.h">
      <Filter>Class</Filter>
    </ClInclude>
    <ClInclude Include="Class\OpenglStateMultTextureBlend.h">
      <Filter>Class</Filter>
    </ClInclude>
    <ClInclude Include="Class\OpenglStateMultTextureCamera.h">
      <Filter>Class</Filter>
    </ClInclude>
    <ClInclude Include="Class\OpenglStateMultTextureCameraManuel.h">
      <Filter>Class</Filter>
    </ClInclude>
    <ClInclude Include="Class\OpenglStateMultTextureCube.h">
      <Filter>Class</Filter>
    </ClInclude>
    <ClInclude Include="Class\OpenglStateMultTextureDepthCube.h">
      <Filter>Class</Filter>
    </ClInclude>
    <ClInclude Include="Class\OpenglStateMultTextureFrameBuffer.h">
      <Filter>Class</Filter>
    </ClInclude>
    <ClInclude Include="Class\OpenglStateMultTextureLight.h">
      <Filter>Class</Filter>
    </ClInclude>
    <ClInclude Include="Class\OpenglStateMultTextureMat4.h">
      <Filter>Class</Filter>
    </ClInclude>
    <ClInclude Include="Class\OpenglStateMultTextureMaterial.h">
      <Filter>Class</Filter>
    </ClInclude>
    <ClInclude Include="Class\OpenglStateMultTextureMaterialMap.h">
      <Filter>Class</Filter>
    </ClInclude>
    <ClInclude Include="Class\OpenglStateMultTextureMaterialMapDirLight.h">
      <Filter>Class</Filter>
    </ClInclude>
    <ClInclude Include="Class\OpenglStateMultTextureMaterialMapMultLights.h">
      <Filter>Class</Filter>
    </ClInclude>
    <ClInclude Include="Class\OpenglStateMultTextureMaterialMapPointLight.h">
      <Filter>Class</Filter>
    </ClInclude>
    <ClInclude Include="Class\OpenglStateMultTextureMaterialMapSpotLight.h">
      <Filter>Class</Filter>
    </ClInclude>
    <ClInclude Include="Class\OpenglStateMultTextureMultSample.h">
      <Filter>Class</Filter>
    </ClInclude>
    <ClInclude Include="Class\OpenglStateMultTextureTransparent.h">
      <Filter>Class</Filter>
    </ClInclude>
    <ClInclude Include="Class\OpenglStatePlane.h">
      <Filter>Class</Filter>
    </ClInclude>
    <ClInclude Include="Class\OpenglStateRect.h">
      <Filter>Class</Filter>
    </ClInclude>
    <ClInclude Include="Class\OpenglStateReflect.h">
      <Filter>Class</Filter>
    </ClInclude>
    <ClInclude Include="Class\OpenglStateTexture.h">
      <Filter>Class</Filter>
    </ClInclude>
    <ClInclude Include="Class\OpenglStateTriangle.h">
      <Filter>Class</Filter>
    </ClInclude>
    <ClInclude Include="Class\OpenglStateTriangleMove.h">
      <Filter>Class</Filter>
    </ClInclude>
    <ClInclude Include="Class\OpenglWorld.h">
      <Filter>Class</Filter>
    </ClInclude>
    <ClInclude Include="Class\stb_image.h">
      <Filter>Class</Filter>
    </ClInclude>
    <ClInclude Include="Class\OpenglStateMultTextureMaterialMapMultLightsAdvance.h">
      <Filter>Class</Filter>
    </ClInclude>
    <ClInclude Include="Class\OpenglStateMultTextureMaterialMapPointLightAdvance.h">
      <Filter>Class</Filter>
    </ClInclude>
    <ClInclude Include="Class\OpenglStateModel3DNormalMap.h">
      <Filter>Class</Filter>
    </ClInclude>
    <ClInclude Include="Class\OpenglStateNormalMap.h">
      <Filter>Class</Filter>
    </ClInclude>
    <ClInclude Include="Class\OpenglStateNormalMap1.h">
      <Filter>Class</Filter>
    </ClInclude>
    <ClInclude Include="Class\OpenglStateHDR.h">
      <Filter>Class</Filter>
    </ClInclude>
    <ClInclude Include="Class\OpenglStateHDRBloom.h">
      <Filter>Class</Filter>
    </ClInclude>
    <ClInclude Include="Class\OpenglStateDelayRenderLights.h">
      <Filter>Class</Filter>
    </ClInclude>
    <ClInclude Include="Class\OpenglStateDelayRenderLightsFrameBuffer.h">
      <Filter>Class</Filter>
    </ClInclude>
    <ClInclude Include="Class\OpenglStateLabel.h">
      <Filter>Class</Filter>
    </ClInclude>
    <ClInclude Include="resource.h">
      <Filter>头文件</Filter>
    </ClInclude>
    <ClInclude Include="Utils\OpenglUtils.h">
      <Filter>Utils</Filter>
    </ClInclude>
    <ClInclude Include="Class\OpenglStateMultTextureWave.h">
      <Filter>Class</Filter>
    </ClInclude>
    <ClInclude Include="Class\OpenglStateShadowDirLight.h">
      <Filter>Class</Filter>
    </ClInclude>
    <ClInclude Include="Class\OpenglStateShadowPointLight.h">
      <Filter>Class</Filter>
    </ClInclude>
    <ClInclude Include="Class\OpenglStateSSAO.h">
      <Filter>Class</Filter>
    </ClInclude>
    <ClInclude Include="Class\OpenglStatePBRSimple.h">
      <Filter>Class</Filter>
    </ClInclude>
  </ItemGroup>
  <ItemGroup>
    <None Include="shader\lamp.frag">
      <Filter>shader</Filter>
    </None>
    <None Include="shader\lamp.vert">
      <Filter>shader</Filter>
    </None>
    <None Include="shader\shader1.frag">
      <Filter>shader</Filter>
    </None>
    <None Include="shader\shader1.vert">
      <Filter>shader</Filter>
    </None>
    <None Include="shader\shader2.frag">
      <Filter>shader</Filter>
    </None>
    <None Include="shader\shader2.vert">
      <Filter>shader</Filter>
    </None>
    <None Include="shader\shader3.frag">
      <Filter>shader</Filter>
    </None>
    <None Include="shader\shader3.vert">
      <Filter>shader</Filter>
    </None>
    <None Include="shader\shader4.frag">
      <Filter>shader</Filter>
    </None>
    <None Include="shader\shader4.vert">
      <Filter>shader</Filter>
    </None>
    <None Include="shader\shader5.frag">
      <Filter>shader</Filter>
    </None>
    <None Include="shader\shader5.vert">
      <Filter>shader</Filter>
    </None>
    <None Include="shader\shader6.frag">
      <Filter>shader</Filter>
    </None>
    <None Include="shader\shader6.vert">
      <Filter>shader</Filter>
    </None>
    <None Include="shader\shader7.frag">
      <Filter>shader</Filter>
    </None>
    <None Include="shader\shader7.vert">
      <Filter>shader</Filter>
    </None>
    <None Include="shader\shader8.frag">
      <Filter>shader</Filter>
    </None>
    <None Include="shader\shader8.vert">
      <Filter>shader</Filter>
    </None>
    <None Include="shader\shader9.frag">
      <Filter>shader</Filter>
    </None>
    <None Include="shader\shader9.vert">
      <Filter>shader</Filter>
    </None>
    <None Include="shader\shader10.frag">
      <Filter>shader</Filter>
    </None>
    <None Include="shader\shader10.vert">
      <Filter>shader</Filter>
    </None>
    <None Include="shader\shader11.frag">
      <Filter>shader</Filter>
    </None>
    <None Include="shader\shader11.vert">
      <Filter>shader</Filter>
    </None>
    <None Include="shader\shader12.frag">
      <Filter>shader</Filter>
    </None>
    <None Include="shader\shader12.vert">
      <Filter>shader</Filter>
    </None>
    <None Include="shader\shader13.frag">
      <Filter>shader</Filter>
    </None>
    <None Include="shader\shader13.vert">
      <Filter>shader</Filter>
    </None>
    <None Include="shader\shader14.frag">
      <Filter>shader</Filter>
    </None>
    <None Include="shader\shader14.vert">
      <Filter>shader</Filter>
    </None>
    <None Include="shader\shader15.frag">
      <Filter>shader</Filter>
    </None>
    <None Include="shader\shader15.vert">
      <Filter>shader</Filter>
    </None>
    <None Include="shader\shader16.frag">
      <Filter>shader</Filter>
    </None>
    <None Include="shader\shader16.vert">
      <Filter>shader</Filter>
    </None>
    <None Include="shader\shader17.frag">
      <Filter>shader</Filter>
    </None>
    <None Include="shader\shader18.frag">
      <Filter>shader</Filter>
    </None>
    <None Include="shader\shader18.vert">
      <Filter>shader</Filter>
    </None>
    <None Include="shader\shader19.frag">
      <Filter>shader</Filter>
    </None>
    <None Include="shader\shader19.vert">
      <Filter>shader</Filter>
    </None>
    <None Include="shader\shader20.vert">
      <Filter>shader</Filter>
    </None>
    <None Include="shader\shader21.frag">
      <Filter>shader</Filter>
    </None>
    <None Include="shader\shader21.vert">
      <Filter>shader</Filter>
    </None>
    <None Include="shader\shader22.frag">
      <Filter>shader</Filter>
    </None>
    <None Include="shader\shader22.vert">
      <Filter>shader</Filter>
    </None>
    <None Include="shader\shader23.frag">
      <Filter>shader</Filter>
    </None>
    <None Include="shader\shader23.vert">
      <Filter>shader</Filter>
    </None>
    <None Include="shader\shader24.vert">
      <Filter>shader</Filter>
    </None>
    <None Include="shader\shader25.frag">
      <Filter>shader</Filter>
    </None>
    <None Include="shader\shader25.vert">
      <Filter>shader</Filter>
    </None>
    <None Include="shader\shader26.frag">
      <Filter>shader</Filter>
    </None>
    <None Include="shader\shader26.vert">
      <Filter>shader</Filter>
    </None>
    <None Include="shader\shader17.vert">
      <Filter>shader</Filter>
    </None>
    <None Include="shader\shader27.frag">
      <Filter>shader</Filter>
    </None>
    <None Include="shader\shader27.vert">
      <Filter>shader</Filter>
    </None>
    <None Include="shader\shader28.frag">
      <Filter>shader</Filter>
    </None>
    <None Include="shader\shader28.vert">
      <Filter>shader</Filter>
    </None>
    <None Include="shader\shader0.frag">
      <Filter>shader</Filter>
    </None>
    <None Include="shader\shader0.vert">
      <Filter>shader</Filter>
    </None>
    <None Include="shader\shader29.frag">
      <Filter>shader</Filter>
    </None>
    <None Include="shader\shader29.vert">
      <Filter>shader</Filter>
    </None>
    <None Include="shader\shader30.frag">
      <Filter>shader</Filter>
    </None>
    <None Include="shader\shader30.vert">
      <Filter>shader</Filter>
    </None>
    <None Include="shader\shader31.frag">
      <Filter>shader</Filter>
    </None>
    <None Include="shader\shader31.vert">
      <Filter>shader</Filter>
    </None>
    <None Include="shader\shader32.frag">
      <Filter>shader</Filter>
    </None>
    <None Include="shader\shader32.vert">
      <Filter>shader</Filter>
    </None>
    <None Include="shader\shader33.frag">
      <Filter>shader</Filter>
    </None>
    <None Include="shader\shader33.vert">
      <Filter>shader</Filter>
    </None>
    <None Include="shader\shader34.frag">
      <Filter>shader</Filter>
    </None>
    <None Include="shader\shader34.vert">
      <Filter>shader</Filter>
    </None>
    <None Include="shader\shader35.frag">
      <Filter>shader</Filter>
    </None>
    <None Include="shader\shader35.vert">
      <Filter>shader</Filter>
    </None>
    <None Include="shader\lamp1.frag">
      <Filter>shader</Filter>
    </None>
    <None Include="shader\lamp1.vert">
      <Filter>shader</Filter>
    </None>
    <None Include="shader\blur.frag">
      <Filter>shader</Filter>
    </None>
    <None Include="shader\blur.vert">
      <Filter>shader</Filter>
    </None>
    <None Include="shader\shader36.frag">
      <Filter>shader</Filter>
    </None>
    <None Include="shader\shader36.vert">
      <Filter>shader</Filter>
    </None>
    <None Include="shader\shader37.frag">
      <Filter>shader</Filter>
    </None>
    <None Include="shader\shader37.vert">
      <Filter>shader</Filter>
    </None>
    <None Include="shader\shader38.frag">
      <Filter>shader</Filter>
    </None>
    <None Include="shader\shader38.vert">
      <Filter>shader</Filter>
    </None>
    <None Include="shader\depthDebug.frag">
      <Filter>shader</Filter>
    </None>
    <None Include="shader\depthDebug.vert">
      <Filter>shader</Filter>
    </None>
    <None Include="shader\depthMap.frag">
      <Filter>shader</Filter>
    </None>
    <None Include="shader\depthMap.vert">
      <Filter>shader</Filter>
    </None>
    <None Include="shader\shader39.frag">
      <Filter>shader</Filter>
    </None>
    <None Include="shader\shader39.vert">
      <Filter>shader</Filter>
    </None>
    <None Include="shader\shader40.frag">
      <Filter>shader</Filter>
    </None>
    <None Include="shader\shader40.vert">
      <Filter>shader</Filter>
    </None>
    <None Include="shader\shader20.frag">
      <Filter>shader</Filter>
    </None>
    <None Include="shader\blue_h.frag">
      <Filter>shader</Filter>
    </None>
    <None Include="shader\blue_h.vert">
      <Filter>shader</Filter>
    </None>
    <None Include="shader\blue_v.frag">
      <Filter>shader</Filter>
    </None>
    <None Include="shader\blue_v.vert">
      <Filter>shader</Filter>
    </None>
    <None Include="shader\extractBright.frag">
      <Filter>shader</Filter>
    </None>
    <None Include="shader\extractBright.vert">
      <Filter>shader</Filter>
    </None>
    <None Include="shader\shader24.frag">
      <Filter>shader</Filter>
    </None>
    <None Include="shader\shader41.frag">
      <Filter>shader</Filter>
    </None>
    <None Include="shader\shader41.vert">
      <Filter>shader</Filter>
    </None>
    <None Include="shader\point_shadows_depth.farg">
      <Filter>shader</Filter>
    </None>
    <None Include="shader\point_shadows_depth.gs">
      <Filter>shader</Filter>
    </None>
    <None Include="shader\point_shadows_depth.vert">
      <Filter>shader</Filter>
    </None>
    <None Include="shader\shaderLightBox.frag">
      <Filter>shader</Filter>
    </None>
    <None Include="shader\shaderLightBox.vert">
      <Filter>shader</Filter>
    </None>
    <None Include="shader\ssao.frag">
      <Filter>shader</Filter>
    </None>
    <None Include="shader\ssao.vert">
      <Filter>shader</Filter>
    </None>
    <None Include="shader\shader42.frag">
      <Filter>shader</Filter>
    </None>
    <None Include="shader\shader42.vert">
      <Filter>shader</Filter>
    </None>
    <None Include="shader\ssaoBlur.frag">
      <Filter>shader</Filter>
    </None>
    <None Include="shader\ssaoLighting.frag">
      <Filter>shader</Filter>
    </None>
    <None Include="shader\shader43.frag">
      <Filter>shader</Filter>
    </None>
    <None Include="shader\shader43.vert">
      <Filter>shader</Filter>
    </None>
  </ItemGroup>
  <ItemGroup>
    <ResourceCompile Include="OpenGL.rc">
      <Filter>资源文件</Filter>
    </ResourceCompile>
  </ItemGroup>
  <ItemGroup>
    <Image Include="resource\opengl.ico">
      <Filter>资源文件</Filter>
    </Image>
  </ItemGroup>
</Project>